// !$*UTF8*$!
{
	archiveVersion = 1;
	classes = {
	};
	objectVersion = 50;
	objects = {

/* Begin PBXBuildFile section */
		6ECCEFD8229B532A00A1585E /* AppDelegate.swift in Sources */ = {isa = PBXBuildFile; fileRef = 6ECCEFD7229B532A00A1585E /* AppDelegate.swift */; };
		6ECCEFDA229B532A00A1585E /* SummaryView.swift in Sources */ = {isa = PBXBuildFile; fileRef = 6ECCEFD9229B532A00A1585E /* SummaryView.swift */; };
		6ECCEFDD229B532A00A1585E /* Main.storyboard in Resources */ = {isa = PBXBuildFile; fileRef = 6ECCEFDB229B532A00A1585E /* Main.storyboard */; };
		6ECCEFDF229B532B00A1585E /* Assets.xcassets in Resources */ = {isa = PBXBuildFile; fileRef = 6ECCEFDE229B532B00A1585E /* Assets.xcassets */; };
		6ECCEFE2229B532B00A1585E /* LaunchScreen.storyboard in Resources */ = {isa = PBXBuildFile; fileRef = 6ECCEFE0229B532B00A1585E /* LaunchScreen.storyboard */; };
		6ECCEFED229B532B00A1585E /* CVApp2Tests.swift in Sources */ = {isa = PBXBuildFile; fileRef = 6ECCEFEC229B532B00A1585E /* CVApp2Tests.swift */; };
		6ECCEFF8229B532B00A1585E /* CVApp2UITests.swift in Sources */ = {isa = PBXBuildFile; fileRef = 6ECCEFF7229B532B00A1585E /* CVApp2UITests.swift */; };
		6ECCF00C229B562700A1585E /* PersonModel.swift in Sources */ = {isa = PBXBuildFile; fileRef = 6ECCF00B229B562700A1585E /* PersonModel.swift */; };
		6ECCF00E229B567D00A1585E /* SkillsModel.swift in Sources */ = {isa = PBXBuildFile; fileRef = 6ECCF00D229B567D00A1585E /* SkillsModel.swift */; };
		6ECCF010229B569D00A1585E /* ExperienceModel.swift in Sources */ = {isa = PBXBuildFile; fileRef = 6ECCF00F229B569D00A1585E /* ExperienceModel.swift */; };
		6ECCF012229B56CD00A1585E /* AchievementsModel.swift in Sources */ = {isa = PBXBuildFile; fileRef = 6ECCF011229B56CD00A1585E /* AchievementsModel.swift */; };
		6ECCF014229B5A6100A1585E /* QueryAPI.swift in Sources */ = {isa = PBXBuildFile; fileRef = 6ECCF013229B5A6100A1585E /* QueryAPI.swift */; };
		6ECCF016229B655500A1585E /* SummaryViewModel.swift in Sources */ = {isa = PBXBuildFile; fileRef = 6ECCF015229B655500A1585E /* SummaryViewModel.swift */; };
		6ECF4FE4229D84D600C3CBD5 /* ViewProtocol.swift in Sources */ = {isa = PBXBuildFile; fileRef = 6ECF4FE3229D84D600C3CBD5 /* ViewProtocol.swift */; };
		6EDDBF06229BB4480056B945 /* SkillsViewModel.swift in Sources */ = {isa = PBXBuildFile; fileRef = 6EDDBF05229BB4480056B945 /* SkillsViewModel.swift */; };
		6EDDBF08229BB4E80056B945 /* SkillsView.swift in Sources */ = {isa = PBXBuildFile; fileRef = 6EDDBF07229BB4E80056B945 /* SkillsView.swift */; };
		6EDDBF0A229BB72C0056B945 /* ExperienceViewModel.swift in Sources */ = {isa = PBXBuildFile; fileRef = 6EDDBF09229BB72C0056B945 /* ExperienceViewModel.swift */; };
		6EDDBF0C229BB7CB0056B945 /* ExperienceView.swift in Sources */ = {isa = PBXBuildFile; fileRef = 6EDDBF0B229BB7CB0056B945 /* ExperienceView.swift */; };
		6EDDBF0E229BCEA20056B945 /* AchievementsViewModel.swift in Sources */ = {isa = PBXBuildFile; fileRef = 6EDDBF0D229BCEA20056B945 /* AchievementsViewModel.swift */; };
		6EDDBF10229BE1200056B945 /* AchievementsView.swift in Sources */ = {isa = PBXBuildFile; fileRef = 6EDDBF0F229BE1200056B945 /* AchievementsView.swift */; };
		6EFFCBF2229DF5E800983CC9 /* ViewModelProtocol.swift in Sources */ = {isa = PBXBuildFile; fileRef = 6EFFCBF1229DF5E800983CC9 /* ViewModelProtocol.swift */; };
/* End PBXBuildFile section */

/* Begin PBXContainerItemProxy section */
		6ECCEFE9229B532B00A1585E /* PBXContainerItemProxy */ = {
			isa = PBXContainerItemProxy;
			containerPortal = 6ECCEFCC229B532A00A1585E /* Project object */;
			proxyType = 1;
			remoteGlobalIDString = 6ECCEFD3229B532A00A1585E;
			remoteInfo = CVApp2;
		};
		6ECCEFF4229B532B00A1585E /* PBXContainerItemProxy */ = {
			isa = PBXContainerItemProxy;
			containerPortal = 6ECCEFCC229B532A00A1585E /* Project object */;
			proxyType = 1;
			remoteGlobalIDString = 6ECCEFD3229B532A00A1585E;
			remoteInfo = CVApp2;
		};
/* End PBXContainerItemProxy section */

/* Begin PBXFileReference section */
		6ECCEFD4229B532A00A1585E /* CVApp2.app */ = {isa = PBXFileReference; explicitFileType = wrapper.application; includeInIndex = 0; path = CVApp2.app; sourceTree = BUILT_PRODUCTS_DIR; };
		6ECCEFD7229B532A00A1585E /* AppDelegate.swift */ = {isa = PBXFileReference; lastKnownFileType = sourcecode.swift; path = AppDelegate.swift; sourceTree = "<group>"; };
		6ECCEFD9229B532A00A1585E /* SummaryView.swift */ = {isa = PBXFileReference; lastKnownFileType = sourcecode.swift; path = SummaryView.swift; sourceTree = "<group>"; };
		6ECCEFDC229B532A00A1585E /* Base */ = {isa = PBXFileReference; lastKnownFileType = file.storyboard; name = Base; path = Base.lproj/Main.storyboard; sourceTree = "<group>"; };
		6ECCEFDE229B532B00A1585E /* Assets.xcassets */ = {isa = PBXFileReference; lastKnownFileType = folder.assetcatalog; path = Assets.xcassets; sourceTree = "<group>"; };
		6ECCEFE1229B532B00A1585E /* Base */ = {isa = PBXFileReference; lastKnownFileType = file.storyboard; name = Base; path = Base.lproj/LaunchScreen.storyboard; sourceTree = "<group>"; };
		6ECCEFE3229B532B00A1585E /* Info.plist */ = {isa = PBXFileReference; lastKnownFileType = text.plist.xml; path = Info.plist; sourceTree = "<group>"; };
		6ECCEFE8229B532B00A1585E /* CVApp2Tests.xctest */ = {isa = PBXFileReference; explicitFileType = wrapper.cfbundle; includeInIndex = 0; path = CVApp2Tests.xctest; sourceTree = BUILT_PRODUCTS_DIR; };
		6ECCEFEC229B532B00A1585E /* CVApp2Tests.swift */ = {isa = PBXFileReference; lastKnownFileType = sourcecode.swift; path = CVApp2Tests.swift; sourceTree = "<group>"; };
		6ECCEFEE229B532B00A1585E /* Info.plist */ = {isa = PBXFileReference; lastKnownFileType = text.plist.xml; path = Info.plist; sourceTree = "<group>"; };
		6ECCEFF3229B532B00A1585E /* CVApp2UITests.xctest */ = {isa = PBXFileReference; explicitFileType = wrapper.cfbundle; includeInIndex = 0; path = CVApp2UITests.xctest; sourceTree = BUILT_PRODUCTS_DIR; };
		6ECCEFF7229B532B00A1585E /* CVApp2UITests.swift */ = {isa = PBXFileReference; lastKnownFileType = sourcecode.swift; path = CVApp2UITests.swift; sourceTree = "<group>"; };
		6ECCEFF9229B532B00A1585E /* Info.plist */ = {isa = PBXFileReference; lastKnownFileType = text.plist.xml; path = Info.plist; sourceTree = "<group>"; };
		6ECCF00B229B562700A1585E /* PersonModel.swift */ = {isa = PBXFileReference; lastKnownFileType = sourcecode.swift; path = PersonModel.swift; sourceTree = "<group>"; };
		6ECCF00D229B567D00A1585E /* SkillsModel.swift */ = {isa = PBXFileReference; lastKnownFileType = sourcecode.swift; path = SkillsModel.swift; sourceTree = "<group>"; };
		6ECCF00F229B569D00A1585E /* ExperienceModel.swift */ = {isa = PBXFileReference; lastKnownFileType = sourcecode.swift; path = ExperienceModel.swift; sourceTree = "<group>"; };
		6ECCF011229B56CD00A1585E /* AchievementsModel.swift */ = {isa = PBXFileReference; lastKnownFileType = sourcecode.swift; path = AchievementsModel.swift; sourceTree = "<group>"; };
		6ECCF013229B5A6100A1585E /* QueryAPI.swift */ = {isa = PBXFileReference; lastKnownFileType = sourcecode.swift; path = QueryAPI.swift; sourceTree = "<group>"; };
		6ECCF015229B655500A1585E /* SummaryViewModel.swift */ = {isa = PBXFileReference; lastKnownFileType = sourcecode.swift; path = SummaryViewModel.swift; sourceTree = "<group>"; };
		6ECF4FE3229D84D600C3CBD5 /* ViewProtocol.swift */ = {isa = PBXFileReference; lastKnownFileType = sourcecode.swift; path = ViewProtocol.swift; sourceTree = "<group>"; };
		6EDDBF05229BB4480056B945 /* SkillsViewModel.swift */ = {isa = PBXFileReference; lastKnownFileType = sourcecode.swift; path = SkillsViewModel.swift; sourceTree = "<group>"; };
		6EDDBF07229BB4E80056B945 /* SkillsView.swift */ = {isa = PBXFileReference; lastKnownFileType = sourcecode.swift; path = SkillsView.swift; sourceTree = "<group>"; };
		6EDDBF09229BB72C0056B945 /* ExperienceViewModel.swift */ = {isa = PBXFileReference; lastKnownFileType = sourcecode.swift; path = ExperienceViewModel.swift; sourceTree = "<group>"; };
		6EDDBF0B229BB7CB0056B945 /* ExperienceView.swift */ = {isa = PBXFileReference; lastKnownFileType = sourcecode.swift; path = ExperienceView.swift; sourceTree = "<group>"; };
		6EDDBF0D229BCEA20056B945 /* AchievementsViewModel.swift */ = {isa = PBXFileReference; lastKnownFileType = sourcecode.swift; path = AchievementsViewModel.swift; sourceTree = "<group>"; };
		6EDDBF0F229BE1200056B945 /* AchievementsView.swift */ = {isa = PBXFileReference; lastKnownFileType = sourcecode.swift; path = AchievementsView.swift; sourceTree = "<group>"; };
		6EFFCBF1229DF5E800983CC9 /* ViewModelProtocol.swift */ = {isa = PBXFileReference; lastKnownFileType = sourcecode.swift; path = ViewModelProtocol.swift; sourceTree = "<group>"; };
/* End PBXFileReference section */

/* Begin PBXFrameworksBuildPhase section */
		6ECCEFD1229B532A00A1585E /* Frameworks */ = {
			isa = PBXFrameworksBuildPhase;
			buildActionMask = 2147483647;
			files = (
			);
			runOnlyForDeploymentPostprocessing = 0;
		};
		6ECCEFE5229B532B00A1585E /* Frameworks */ = {
			isa = PBXFrameworksBuildPhase;
			buildActionMask = 2147483647;
			files = (
			);
			runOnlyForDeploymentPostprocessing = 0;
		};
		6ECCEFF0229B532B00A1585E /* Frameworks */ = {
			isa = PBXFrameworksBuildPhase;
			buildActionMask = 2147483647;
			files = (
			);
			runOnlyForDeploymentPostprocessing = 0;
		};
/* End PBXFrameworksBuildPhase section */

/* Begin PBXGroup section */
		6ECCEFCB229B532A00A1585E = {
			isa = PBXGroup;
			children = (
				6ECCEFD6229B532A00A1585E /* CVApp2 */,
				6ECCEFEB229B532B00A1585E /* CVApp2Tests */,
				6ECCEFF6229B532B00A1585E /* CVApp2UITests */,
				6ECCEFD5229B532A00A1585E /* Products */,
			);
			sourceTree = "<group>";
		};
		6ECCEFD5229B532A00A1585E /* Products */ = {
			isa = PBXGroup;
			children = (
				6ECCEFD4229B532A00A1585E /* CVApp2.app */,
				6ECCEFE8229B532B00A1585E /* CVApp2Tests.xctest */,
				6ECCEFF3229B532B00A1585E /* CVApp2UITests.xctest */,
			);
			name = Products;
			sourceTree = "<group>";
		};
		6ECCEFD6229B532A00A1585E /* CVApp2 */ = {
			isa = PBXGroup;
			children = (
				6ECF4FE2229D84AF00C3CBD5 /* Protocols */,
				6ECCF00A229B55C100A1585E /* Models */,
				6ECCF009229B558B00A1585E /* API */,
				6ECCF007229B556700A1585E /* Views */,
				6ECCF006229B555300A1585E /* ViewModels */,
				6ECCF005229B543700A1585E /* AppDelegate */,
				6ECCEFDB229B532A00A1585E /* Main.storyboard */,
				6ECCEFDE229B532B00A1585E /* Assets.xcassets */,
				6ECCEFE0229B532B00A1585E /* LaunchScreen.storyboard */,
				6ECCEFE3229B532B00A1585E /* Info.plist */,
			);
			path = CVApp2;
			sourceTree = "<group>";
		};
		6ECCEFEB229B532B00A1585E /* CVApp2Tests */ = {
			isa = PBXGroup;
			children = (
				6ECCEFEC229B532B00A1585E /* CVApp2Tests.swift */,
				6ECCEFEE229B532B00A1585E /* Info.plist */,
			);
			path = CVApp2Tests;
			sourceTree = "<group>";
		};
		6ECCEFF6229B532B00A1585E /* CVApp2UITests */ = {
			isa = PBXGroup;
			children = (
				6ECCEFF7229B532B00A1585E /* CVApp2UITests.swift */,
				6ECCEFF9229B532B00A1585E /* Info.plist */,
			);
			path = CVApp2UITests;
			sourceTree = "<group>";
		};
		6ECCF005229B543700A1585E /* AppDelegate */ = {
			isa = PBXGroup;
			children = (
				6ECCEFD7229B532A00A1585E /* AppDelegate.swift */,
			);
			path = AppDelegate;
			sourceTree = "<group>";
		};
		6ECCF006229B555300A1585E /* ViewModels */ = {
			isa = PBXGroup;
			children = (
				6ECCF015229B655500A1585E /* SummaryViewModel.swift */,
				6EDDBF05229BB4480056B945 /* SkillsViewModel.swift */,
				6EDDBF09229BB72C0056B945 /* ExperienceViewModel.swift */,
				6EDDBF0D229BCEA20056B945 /* AchievementsViewModel.swift */,
			);
			path = ViewModels;
			sourceTree = "<group>";
		};
		6ECCF007229B556700A1585E /* Views */ = {
			isa = PBXGroup;
			children = (
				6ECCEFD9229B532A00A1585E /* SummaryView.swift */,
				6EDDBF07229BB4E80056B945 /* SkillsView.swift */,
				6EDDBF0B229BB7CB0056B945 /* ExperienceView.swift */,
				6EDDBF0F229BE1200056B945 /* AchievementsView.swift */,
			);
			path = Views;
			sourceTree = "<group>";
		};
		6ECCF009229B558B00A1585E /* API */ = {
			isa = PBXGroup;
			children = (
				6ECCF013229B5A6100A1585E /* QueryAPI.swift */,
			);
			path = API;
			sourceTree = "<group>";
		};
		6ECCF00A229B55C100A1585E /* Models */ = {
			isa = PBXGroup;
			children = (
				6ECCF00B229B562700A1585E /* PersonModel.swift */,
				6ECCF00D229B567D00A1585E /* SkillsModel.swift */,
				6ECCF00F229B569D00A1585E /* ExperienceModel.swift */,
				6ECCF011229B56CD00A1585E /* AchievementsModel.swift */,
			);
			path = Models;
			sourceTree = "<group>";
		};
		6ECF4FE2229D84AF00C3CBD5 /* Protocols */ = {
			isa = PBXGroup;
			children = (
				6ECF4FE3229D84D600C3CBD5 /* ViewProtocol.swift */,
				6EFFCBF1229DF5E800983CC9 /* ViewModelProtocol.swift */,
			);
			path = Protocols;
			sourceTree = "<group>";
		};
/* End PBXGroup section */

/* Begin PBXNativeTarget section */
		6ECCEFD3229B532A00A1585E /* CVApp2 */ = {
			isa = PBXNativeTarget;
			buildConfigurationList = 6ECCEFFC229B532B00A1585E /* Build configuration list for PBXNativeTarget "CVApp2" */;
			buildPhases = (
				6ECCEFD0229B532A00A1585E /* Sources */,
				6ECCEFD1229B532A00A1585E /* Frameworks */,
				6ECCEFD2229B532A00A1585E /* Resources */,
			);
			buildRules = (
			);
			dependencies = (
			);
			name = CVApp2;
			productName = CVApp2;
			productReference = 6ECCEFD4229B532A00A1585E /* CVApp2.app */;
			productType = "com.apple.product-type.application";
		};
		6ECCEFE7229B532B00A1585E /* CVApp2Tests */ = {
			isa = PBXNativeTarget;
			buildConfigurationList = 6ECCEFFF229B532B00A1585E /* Build configuration list for PBXNativeTarget "CVApp2Tests" */;
			buildPhases = (
				6ECCEFE4229B532B00A1585E /* Sources */,
				6ECCEFE5229B532B00A1585E /* Frameworks */,
				6ECCEFE6229B532B00A1585E /* Resources */,
			);
			buildRules = (
			);
			dependencies = (
				6ECCEFEA229B532B00A1585E /* PBXTargetDependency */,
			);
			name = CVApp2Tests;
			productName = CVApp2Tests;
			productReference = 6ECCEFE8229B532B00A1585E /* CVApp2Tests.xctest */;
			productType = "com.apple.product-type.bundle.unit-test";
		};
		6ECCEFF2229B532B00A1585E /* CVApp2UITests */ = {
			isa = PBXNativeTarget;
			buildConfigurationList = 6ECCF002229B532B00A1585E /* Build configuration list for PBXNativeTarget "CVApp2UITests" */;
			buildPhases = (
				6ECCEFEF229B532B00A1585E /* Sources */,
				6ECCEFF0229B532B00A1585E /* Frameworks */,
				6ECCEFF1229B532B00A1585E /* Resources */,
			);
			buildRules = (
			);
			dependencies = (
				6ECCEFF5229B532B00A1585E /* PBXTargetDependency */,
			);
			name = CVApp2UITests;
			productName = CVApp2UITests;
			productReference = 6ECCEFF3229B532B00A1585E /* CVApp2UITests.xctest */;
			productType = "com.apple.product-type.bundle.ui-testing";
		};
/* End PBXNativeTarget section */

/* Begin PBXProject section */
		6ECCEFCC229B532A00A1585E /* Project object */ = {
			isa = PBXProject;
			attributes = {
				LastSwiftUpdateCheck = 1020;
				LastUpgradeCheck = 1020;
				ORGANIZATIONNAME = "Octavio Rojas";
				TargetAttributes = {
					6ECCEFD3229B532A00A1585E = {
						CreatedOnToolsVersion = 10.2;
					};
					6ECCEFE7229B532B00A1585E = {
						CreatedOnToolsVersion = 10.2;
						TestTargetID = 6ECCEFD3229B532A00A1585E;
					};
					6ECCEFF2229B532B00A1585E = {
						CreatedOnToolsVersion = 10.2;
						TestTargetID = 6ECCEFD3229B532A00A1585E;
					};
				};
			};
			buildConfigurationList = 6ECCEFCF229B532A00A1585E /* Build configuration list for PBXProject "CVApp2" */;
			compatibilityVersion = "Xcode 9.3";
			developmentRegion = en;
			hasScannedForEncodings = 0;
			knownRegions = (
				en,
				Base,
			);
			mainGroup = 6ECCEFCB229B532A00A1585E;
			productRefGroup = 6ECCEFD5229B532A00A1585E /* Products */;
			projectDirPath = "";
			projectRoot = "";
			targets = (
				6ECCEFD3229B532A00A1585E /* CVApp2 */,
				6ECCEFE7229B532B00A1585E /* CVApp2Tests */,
				6ECCEFF2229B532B00A1585E /* CVApp2UITests */,
			);
		};
/* End PBXProject section */

/* Begin PBXResourcesBuildPhase section */
		6ECCEFD2229B532A00A1585E /* Resources */ = {
			isa = PBXResourcesBuildPhase;
			buildActionMask = 2147483647;
			files = (
				6ECCEFE2229B532B00A1585E /* LaunchScreen.storyboard in Resources */,
				6ECCEFDF229B532B00A1585E /* Assets.xcassets in Resources */,
				6ECCEFDD229B532A00A1585E /* Main.storyboard in Resources */,
			);
			runOnlyForDeploymentPostprocessing = 0;
		};
		6ECCEFE6229B532B00A1585E /* Resources */ = {
			isa = PBXResourcesBuildPhase;
			buildActionMask = 2147483647;
			files = (
			);
			runOnlyForDeploymentPostprocessing = 0;
		};
		6ECCEFF1229B532B00A1585E /* Resources */ = {
			isa = PBXResourcesBuildPhase;
			buildActionMask = 2147483647;
			files = (
			);
			runOnlyForDeploymentPostprocessing = 0;
		};
/* End PBXResourcesBuildPhase section */

/* Begin PBXSourcesBuildPhase section */
		6ECCEFD0229B532A00A1585E /* Sources */ = {
			isa = PBXSourcesBuildPhase;
			buildActionMask = 2147483647;
			files = (
				6EFFCBF2229DF5E800983CC9 /* ViewModelProtocol.swift in Sources */,
				6ECF4FE4229D84D600C3CBD5 /* ViewProtocol.swift in Sources */,
				6ECCEFDA229B532A00A1585E /* SummaryView.swift in Sources */,
				6ECCF014229B5A6100A1585E /* QueryAPI.swift in Sources */,
				6EDDBF10229BE1200056B945 /* AchievementsView.swift in Sources */,
				6ECCF010229B569D00A1585E /* ExperienceModel.swift in Sources */,
				6ECCF016229B655500A1585E /* SummaryViewModel.swift in Sources */,
				6ECCEFD8229B532A00A1585E /* AppDelegate.swift in Sources */,
				6EDDBF06229BB4480056B945 /* SkillsViewModel.swift in Sources */,
				6EDDBF0C229BB7CB0056B945 /* ExperienceView.swift in Sources */,
				6EDDBF0E229BCEA20056B945 /* AchievementsViewModel.swift in Sources */,
				6EDDBF08229BB4E80056B945 /* SkillsView.swift in Sources */,
				6ECCF012229B56CD00A1585E /* AchievementsModel.swift in Sources */,
				6ECCF00C229B562700A1585E /* PersonModel.swift in Sources */,
				6EDDBF0A229BB72C0056B945 /* ExperienceViewModel.swift in Sources */,
				6ECCF00E229B567D00A1585E /* SkillsModel.swift in Sources */,
			);
			runOnlyForDeploymentPostprocessing = 0;
		};
		6ECCEFE4229B532B00A1585E /* Sources */ = {
			isa = PBXSourcesBuildPhase;
			buildActionMask = 2147483647;
			files = (
				6ECCEFED229B532B00A1585E /* CVApp2Tests.swift in Sources */,
			);
			runOnlyForDeploymentPostprocessing = 0;
		};
		6ECCEFEF229B532B00A1585E /* Sources */ = {
			isa = PBXSourcesBuildPhase;
			buildActionMask = 2147483647;
			files = (
				6ECCEFF8229B532B00A1585E /* CVApp2UITests.swift in Sources */,
			);
			runOnlyForDeploymentPostprocessing = 0;
		};
/* End PBXSourcesBuildPhase section */

/* Begin PBXTargetDependency section */
		6ECCEFEA229B532B00A1585E /* PBXTargetDependency */ = {
			isa = PBXTargetDependency;
			target = 6ECCEFD3229B532A00A1585E /* CVApp2 */;
			targetProxy = 6ECCEFE9229B532B00A1585E /* PBXContainerItemProxy */;
		};
		6ECCEFF5229B532B00A1585E /* PBXTargetDependency */ = {
			isa = PBXTargetDependency;
			target = 6ECCEFD3229B532A00A1585E /* CVApp2 */;
			targetProxy = 6ECCEFF4229B532B00A1585E /* PBXContainerItemProxy */;
		};
/* End PBXTargetDependency section */

/* Begin PBXVariantGroup section */
		6ECCEFDB229B532A00A1585E /* Main.storyboard */ = {
			isa = PBXVariantGroup;
			children = (
				6ECCEFDC229B532A00A1585E /* Base */,
			);
			name = Main.storyboard;
			sourceTree = "<group>";
		};
		6ECCEFE0229B532B00A1585E /* LaunchScreen.storyboard */ = {
			isa = PBXVariantGroup;
			children = (
				6ECCEFE1229B532B00A1585E /* Base */,
			);
			name = LaunchScreen.storyboard;
			sourceTree = "<group>";
		};
/* End PBXVariantGroup section */

/* Begin XCBuildConfiguration section */
		6ECCEFFA229B532B00A1585E /* Debug */ = {
			isa = XCBuildConfiguration;
			buildSettings = {
				ALWAYS_SEARCH_USER_PATHS = NO;
				CLANG_ANALYZER_NONNULL = YES;
				CLANG_ANALYZER_NUMBER_OBJECT_CONVERSION = YES_AGGRESSIVE;
				CLANG_CXX_LANGUAGE_STANDARD = "gnu++14";
				CLANG_CXX_LIBRARY = "libc++";
				CLANG_ENABLE_MODULES = YES;
				CLANG_ENABLE_OBJC_ARC = YES;
				CLANG_ENABLE_OBJC_WEAK = YES;
				CLANG_WARN_BLOCK_CAPTURE_AUTORELEASING = YES;
				CLANG_WARN_BOOL_CONVERSION = YES;
				CLANG_WARN_COMMA = YES;
				CLANG_WARN_CONSTANT_CONVERSION = YES;
				CLANG_WARN_DEPRECATED_OBJC_IMPLEMENTATIONS = YES;
				CLANG_WARN_DIRECT_OBJC_ISA_USAGE = YES_ERROR;
				CLANG_WARN_DOCUMENTATION_COMMENTS = YES;
				CLANG_WARN_EMPTY_BODY = YES;
				CLANG_WARN_ENUM_CONVERSION = YES;
				CLANG_WARN_INFINITE_RECURSION = YES;
				CLANG_WARN_INT_CONVERSION = YES;
				CLANG_WARN_NON_LITERAL_NULL_CONVERSION = YES;
				CLANG_WARN_OBJC_IMPLICIT_RETAIN_SELF = YES;
				CLANG_WARN_OBJC_LITERAL_CONVERSION = YES;
				CLANG_WARN_OBJC_ROOT_CLASS = YES_ERROR;
				CLANG_WARN_RANGE_LOOP_ANALYSIS = YES;
				CLANG_WARN_STRICT_PROTOTYPES = YES;
				CLANG_WARN_SUSPICIOUS_MOVE = YES;
				CLANG_WARN_UNGUARDED_AVAILABILITY = YES_AGGRESSIVE;
				CLANG_WARN_UNREACHABLE_CODE = YES;
				CLANG_WARN__DUPLICATE_METHOD_MATCH = YES;
				CODE_SIGN_IDENTITY = "iPhone Developer";
				COPY_PHASE_STRIP = NO;
				DEBUG_INFORMATION_FORMAT = dwarf;
				ENABLE_STRICT_OBJC_MSGSEND = YES;
				ENABLE_TESTABILITY = YES;
				GCC_C_LANGUAGE_STANDARD = gnu11;
				GCC_DYNAMIC_NO_PIC = NO;
				GCC_NO_COMMON_BLOCKS = YES;
				GCC_OPTIMIZATION_LEVEL = 0;
				GCC_PREPROCESSOR_DEFINITIONS = (
					"DEBUG=1",
					"$(inherited)",
				);
				GCC_WARN_64_TO_32_BIT_CONVERSION = YES;
				GCC_WARN_ABOUT_RETURN_TYPE = YES_ERROR;
				GCC_WARN_UNDECLARED_SELECTOR = YES;
				GCC_WARN_UNINITIALIZED_AUTOS = YES_AGGRESSIVE;
				GCC_WARN_UNUSED_FUNCTION = YES;
				GCC_WARN_UNUSED_VARIABLE = YES;
				IPHONEOS_DEPLOYMENT_TARGET = 12.2;
				MTL_ENABLE_DEBUG_INFO = INCLUDE_SOURCE;
				MTL_FAST_MATH = YES;
				ONLY_ACTIVE_ARCH = YES;
				SDKROOT = iphoneos;
				SWIFT_ACTIVE_COMPILATION_CONDITIONS = DEBUG;
				SWIFT_OPTIMIZATION_LEVEL = "-Onone";
			};
			name = Debug;
		};
		6ECCEFFB229B532B00A1585E /* Release */ = {
			isa = XCBuildConfiguration;
			buildSettings = {
				ALWAYS_SEARCH_USER_PATHS = NO;
				CLANG_ANALYZER_NONNULL = YES;
				CLANG_ANALYZER_NUMBER_OBJECT_CONVERSION = YES_AGGRESSIVE;
				CLANG_CXX_LANGUAGE_STANDARD = "gnu++14";
				CLANG_CXX_LIBRARY = "libc++";
				CLANG_ENABLE_MODULES = YES;
				CLANG_ENABLE_OBJC_ARC = YES;
				CLANG_ENABLE_OBJC_WEAK = YES;
				CLANG_WARN_BLOCK_CAPTURE_AUTORELEASING = YES;
				CLANG_WARN_BOOL_CONVERSION = YES;
				CLANG_WARN_COMMA = YES;
				CLANG_WARN_CONSTANT_CONVERSION = YES;
				CLANG_WARN_DEPRECATED_OBJC_IMPLEMENTATIONS = YES;
				CLANG_WARN_DIRECT_OBJC_ISA_USAGE = YES_ERROR;
				CLANG_WARN_DOCUMENTATION_COMMENTS = YES;
				CLANG_WARN_EMPTY_BODY = YES;
				CLANG_WARN_ENUM_CONVERSION = YES;
				CLANG_WARN_INFINITE_RECURSION = YES;
				CLANG_WARN_INT_CONVERSION = YES;
				CLANG_WARN_NON_LITERAL_NULL_CONVERSION = YES;
				CLANG_WARN_OBJC_IMPLICIT_RETAIN_SELF = YES;
				CLANG_WARN_OBJC_LITERAL_CONVERSION = YES;
				CLANG_WARN_OBJC_ROOT_CLASS = YES_ERROR;
				CLANG_WARN_RANGE_LOOP_ANALYSIS = YES;
				CLANG_WARN_STRICT_PROTOTYPES = YES;
				CLANG_WARN_SUSPICIOUS_MOVE = YES;
				CLANG_WARN_UNGUARDED_AVAILABILITY = YES_AGGRESSIVE;
				CLANG_WARN_UNREACHABLE_CODE = YES;
				CLANG_WARN__DUPLICATE_METHOD_MATCH = YES;
				CODE_SIGN_IDENTITY = "iPhone Developer";
				COPY_PHASE_STRIP = NO;
				DEBUG_INFORMATION_FORMAT = "dwarf-with-dsym";
				ENABLE_NS_ASSERTIONS = NO;
				ENABLE_STRICT_OBJC_MSGSEND = YES;
				GCC_C_LANGUAGE_STANDARD = gnu11;
				GCC_NO_COMMON_BLOCKS = YES;
				GCC_WARN_64_TO_32_BIT_CONVERSION = YES;
				GCC_WARN_ABOUT_RETURN_TYPE = YES_ERROR;
				GCC_WARN_UNDECLARED_SELECTOR = YES;
				GCC_WARN_UNINITIALIZED_AUTOS = YES_AGGRESSIVE;
				GCC_WARN_UNUSED_FUNCTION = YES;
				GCC_WARN_UNUSED_VARIABLE = YES;
				IPHONEOS_DEPLOYMENT_TARGET = 12.2;
				MTL_ENABLE_DEBUG_INFO = NO;
				MTL_FAST_MATH = YES;
				SDKROOT = iphoneos;
				SWIFT_COMPILATION_MODE = wholemodule;
				SWIFT_OPTIMIZATION_LEVEL = "-O";
				VALIDATE_PRODUCT = YES;
			};
			name = Release;
		};
		6ECCEFFD229B532B00A1585E /* Debug */ = {
			isa = XCBuildConfiguration;
			buildSettings = {
				ACHIEVEMENTS_URL = "https://api.myjson.com/bins/r1tv4";
				ASSETCATALOG_COMPILER_APPICON_NAME = AppIcon;
				CODE_SIGN_STYLE = Automatic;
				DEVELOPMENT_TEAM = 69P89ZNU5J;
				EXPERIENCE_URL = "https://api.myjson.com/bins/6gqrw";
				INFOPLIST_FILE = CVApp2/Info.plist;
				LD_RUNPATH_SEARCH_PATHS = (
					"$(inherited)",
					"@executable_path/Frameworks",
				);
				PRODUCT_BUNDLE_IDENTIFIER = octavio.rojas.CVApp2;
				PRODUCT_NAME = "$(TARGET_NAME)";
				SKILLS_URL = "https://api.myjson.com/bins/1bfd70";
				SUMMARY_URL = "https://api.myjson.com/bins/1egodo";
				SWIFT_VERSION = 5.0;
				TARGETED_DEVICE_FAMILY = "1,2";
			};
			name = Debug;
		};
		6ECCEFFE229B532B00A1585E /* Release */ = {
			isa = XCBuildConfiguration;
			buildSettings = {
				ACHIEVEMENTS_URL = "https://api.myjson.com/bins/r1tv4";
				ASSETCATALOG_COMPILER_APPICON_NAME = AppIcon;
				CODE_SIGN_STYLE = Automatic;
				DEVELOPMENT_TEAM = 69P89ZNU5J;
				EXPERIENCE_URL = "https://api.myjson.com/bins/6gqrw";
				INFOPLIST_FILE = CVApp2/Info.plist;
				LD_RUNPATH_SEARCH_PATHS = (
					"$(inherited)",
					"@executable_path/Frameworks",
				);
				PRODUCT_BUNDLE_IDENTIFIER = octavio.rojas.CVApp2;
				PRODUCT_NAME = "$(TARGET_NAME)";
				SKILLS_URL = "https://api.myjson.com/bins/1bfd70";
				SUMMARY_URL = "https://api.myjson.com/bins/1egodo";
				SWIFT_VERSION = 5.0;
				TARGETED_DEVICE_FAMILY = "1,2";
			};
			name = Release;
		};
		6ECCF000229B532B00A1585E /* Debug */ = {
			isa = XCBuildConfiguration;
			buildSettings = {
				ALWAYS_EMBED_SWIFT_STANDARD_LIBRARIES = YES;
				BUNDLE_LOADER = "$(TEST_HOST)";
				CODE_SIGN_STYLE = Automatic;
				DEVELOPMENT_TEAM = 69P89ZNU5J;
				INFOPLIST_FILE = CVApp2Tests/Info.plist;
				LD_RUNPATH_SEARCH_PATHS = (
					"$(inherited)",
					"@executable_path/Frameworks",
					"@loader_path/Frameworks",
				);
				PRODUCT_BUNDLE_IDENTIFIER = octavio.rojas.CVApp2Tests;
				PRODUCT_NAME = "$(TARGET_NAME)";
				SWIFT_VERSION = 5.0;
				TARGETED_DEVICE_FAMILY = "1,2";
				TEST_HOST = "$(BUILT_PRODUCTS_DIR)/CVApp2.app/CVApp2";
			};
			name = Debug;
		};
		6ECCF001229B532B00A1585E /* Release */ = {
			isa = XCBuildConfiguration;
			buildSettings = {
				ALWAYS_EMBED_SWIFT_STANDARD_LIBRARIES = YES;
				BUNDLE_LOADER = "$(TEST_HOST)";
				CODE_SIGN_STYLE = Automatic;
				DEVELOPMENT_TEAM = 69P89ZNU5J;
				INFOPLIST_FILE = CVApp2Tests/Info.plist;
				LD_RUNPATH_SEARCH_PATHS = (
					"$(inherited)",
					"@executable_path/Frameworks",
					"@loader_path/Frameworks",
				);
				PRODUCT_BUNDLE_IDENTIFIER = octavio.rojas.CVApp2Tests;
				PRODUCT_NAME = "$(TARGET_NAME)";
				SWIFT_VERSION = 5.0;
				TARGETED_DEVICE_FAMILY = "1,2";
				TEST_HOST = "$(BUILT_PRODUCTS_DIR)/CVApp2.app/CVApp2";
			};
			name = Release;
		};
		6ECCF003229B532B00A1585E /* Debug */ = {
			isa = XCBuildConfiguration;
			buildSettings = {
				ALWAYS_EMBED_SWIFT_STANDARD_LIBRARIES = YES;
				CODE_SIGN_STYLE = Automatic;
				DEVELOPMENT_TEAM = 69P89ZNU5J;
				INFOPLIST_FILE = CVApp2UITests/Info.plist;
				LD_RUNPATH_SEARCH_PATHS = (
					"$(inherited)",
					"@executable_path/Frameworks",
					"@loader_path/Frameworks",
				);
				PRODUCT_BUNDLE_IDENTIFIER = octavio.rojas.CVApp2UITests;
				PRODUCT_NAME = "$(TARGET_NAME)";
				SWIFT_VERSION = 5.0;
				TARGETED_DEVICE_FAMILY = "1,2";
				TEST_TARGET_NAME = CVApp2;
			};
			name = Debug;
		};
		6ECCF004229B532B00A1585E /* Release */ = {
			isa = XCBuildConfiguration;
			buildSettings = {
				ALWAYS_EMBED_SWIFT_STANDARD_LIBRARIES = YES;
				CODE_SIGN_STYLE = Automatic;
				DEVELOPMENT_TEAM = 69P89ZNU5J;
				INFOPLIST_FILE = CVApp2UITests/Info.plist;
				LD_RUNPATH_SEARCH_PATHS = (
					"$(inherited)",
					"@executable_path/Frameworks",
					"@loader_path/Frameworks",
				);
				PRODUCT_BUNDLE_IDENTIFIER = octavio.rojas.CVApp2UITests;
				PRODUCT_NAME = "$(TARGET_NAME)";
				SWIFT_VERSION = 5.0;
				TARGETED_DEVICE_FAMILY = "1,2";
				TEST_TARGET_NAME = CVApp2;
			};
			name = Release;
		};
/* End XCBuildConfiguration section */

/* Begin XCConfigurationList section */
		6ECCEFCF229B532A00A1585E /* Build configuration list for PBXProject "CVApp2" */ = {
			isa = XCConfigurationList;
			buildConfigurations = (
				6ECCEFFA229B532B00A1585E /* Debug */,
				6ECCEFFB229B532B00A1585E /* Release */,
			);
			defaultConfigurationIsVisible = 0;
			defaultConfigurationName = Release;
		};
		6ECCEFFC229B532B00A1585E /* Build configuration list for PBXNativeTarget "CVApp2" */ = {
			isa = XCConfigurationList;
			buildConfigurations = (
				6ECCEFFD229B532B00A1585E /* Debug */,
				6ECCEFFE229B532B00A1585E /* Release */,
			);
			defaultConfigurationIsVisible = 0;
			defaultConfigurationName = Release;
		};
		6ECCEFFF229B532B00A1585E /* Build configuration list for PBXNativeTarget "CVApp2Tests" */ = {
			isa = XCConfigurationList;
			buildConfigurations = (
				6ECCF000229B532B00A1585E /* Debug */,
				6ECCF001229B532B00A1585E /* Release */,
			);
			defaultConfigurationIsVisible = 0;
			defaultConfigurationName = Release;
		};
		6ECCF002229B532B00A1585E /* Build configuration list for PBXNativeTarget "CVApp2UITests" */ = {
			isa = XCConfigurationList;
			buildConfigurations = (
				6ECCF003229B532B00A1585E /* Debug */,
				6ECCF004229B532B00A1585E /* Release */,
			);
			defaultConfigurationIsVisible = 0;
			defaultConfigurationName = Release;
		};
/* End XCConfigurationList section */
	};
	rootObject = 6ECCEFCC229B532A00A1585E /* Project object */;
}
